
Microsoft Visual Studio Solution File, Format Version 12.00
# Visual Studio Version 16
VisualStudioVersion = 16.0.30002.166
MinimumVisualStudioVersion = 10.0.40219.1
Project("{FAE04EC0-301F-11D3-BF4B-00C04F79EFBC}") = "SimpleAuthExtensions", "SimpleAuthExtensions\SimpleAuthExtensions.csproj", "{697275D0-AE3D-404B-BFE3-766AF9395287}"
EndProject
Global
	GlobalSection(SolutionConfigurationPlatforms) = preSolution
		Debug|Any CPU = Debug|Any CPU
		Release|Any CPU = Release|Any CPU
	EndGlobalSection
	GlobalSection(ProjectConfigurationPlatforms) = postSolution
		{697275D0-AE3D-404B-BFE3-766AF9395287}.Debug|Any CPU.ActiveCfg = Debug|Any CPU
		{697275D0-AE3D-404B-BFE3-766AF9395287}.Debug|Any CPU.Build.0 = Debug|Any CPU
		{697275D0-AE3D-404B-BFE3-766AF9395287}.Release|Any CPU.ActiveCfg = Release|Any CPU
		{697275D0-AE3D-404B-BFE3-766AF9395287}.Release|Any CPU.Build.0 = Release|Any CPU
	EndGlobalSection
	GlobalSection(SolutionProperties) = preSolution
		HideSolutionNode = FALSE
	EndGlobalSection
	GlobalSection(ExtensibilityGlobals) = postSolution
		SolutionGuid = {4E385ADE-41C8-4520-A306-67D86F657974}
	EndGlobalSection
EndGlobal
